
Microsoft Visual Studio Solution File, Format Version 12.00
# Visual Studio Version 17
VisualStudioVersion = 17.8.34330.188
MinimumVisualStudioVersion = 10.0.40219.1
Project("{FAE04EC0-301F-11D3-BF4B-00C04F79EFBC}") = "MURDOC", "MURDOC.csproj", "{EB43ED81-242B-4F5A-9A22-A0AB80832BAB}"
EndProject
Global
	GlobalSection(SolutionConfigurationPlatforms) = preSolution
		Debug|Any CPU = Debug|Any CPU
		Debug|x64 = Debug|x64
		Release|Any CPU = Release|Any CPU
		Release|x64 = Release|x64
	EndGlobalSection
	GlobalSection(ProjectConfigurationPlatforms) = postSolution
		{EB43ED81-242B-4F5A-9A22-A0AB80832BAB}.Debug|Any CPU.ActiveCfg = Debug|Any CPU
		{EB43ED81-242B-4F5A-9A22-A0AB80832BAB}.Debug|Any CPU.Build.0 = Debug|Any CPU
		{EB43ED81-242B-4F5A-9A22-A0AB80832BAB}.Debug|x64.ActiveCfg = Debug|x64
		{EB43ED81-242B-4F5A-9A22-A0AB80832BAB}.Debug|x64.Build.0 = Debug|x64
		{EB43ED81-242B-4F5A-9A22-A0AB80832BAB}.Release|Any CPU.ActiveCfg = Release|Any CPU
		{EB43ED81-242B-4F5A-9A22-A0AB80832BAB}.Release|Any CPU.Build.0 = Release|Any CPU
		{EB43ED81-242B-4F5A-9A22-A0AB80832BAB}.Release|x64.ActiveCfg = Release|x64
		{EB43ED81-242B-4F5A-9A22-A0AB80832BAB}.Release|x64.Build.0 = Release|x64
	EndGlobalSection
	GlobalSection(SolutionProperties) = preSolution
		HideSolutionNode = FALSE
	EndGlobalSection
	GlobalSection(ExtensibilityGlobals) = postSolution
		SolutionGuid = {F8B4936B-BB8D-474C-9633-7C34AEEC3522}
	EndGlobalSection
EndGlobal
